{
    "_readme": [
        "This file locks the dependencies of your project to a known state",
        "Read more about it at https://getcomposer.org/doc/01-basic-usage.md#installing-dependencies",
        "This file is @generated automatically"
    ],
    "content-hash": "383cfeaa4b10356dd05104accc400bd0",
    "packages": [
        {
            "name": "rappasoft/laravel-helpers",
            "version": "v1.0.1",
            "source": {
                "type": "git",
                "url": "https://github.com/rappasoft/laravel-helpers.git",
                "reference": "f2454f75ea582cc7b25df06b6d8076657344a190"
            },
            "dist": {
                "type": "zip",
                "url": "https://api.github.com/repos/rappasoft/laravel-helpers/zipball/f2454f75ea582cc7b25df06b6d8076657344a190",
                "reference": "f2454f75ea582cc7b25df06b6d8076657344a190",
                "shasum": ""
            },
            "require": {
                "php": ">=5.4.0"
            },
            "type": "library",
            "autoload": {
                "files": [
                    "src/helpers.php"
                ]
            },
            "notification-url": "https://packagist.org/downloads/",
            "license": [
                "MIT"
            ],
            "authors": [
                {
                    "name": "Anthony Rappa",
                    "email": "rappa819@gmail.com"
                }
            ],
            "description": "Laravel Helpers for Non-Laravel Projects",
            "keywords": [
                "helpers",
                "laravel"
            ],
            "time": "2018-01-27T20:45:31+00:00"
        }
    ],
    "packages-dev": [],
    "aliases": [],
    "minimum-stability": "stable",
    "stability-flags": [],
    "prefer-stable": false,
    "prefer-lowest": false,
    "platform": [],
    "platform-dev": []
}
